<?xml version="1.0" encoding="utf-8"?>
<Project DefaultTargets="Build" ToolsVersion="3.5" xmlns="http://schemas.microsoft.com/developer/msbuild/2003">
  <PropertyGroup>
    <Configuration Condition=" '$(Configuration)' == '' ">Debug</Configuration>
    <Platform Condition=" '$(Platform)' == '' ">AnyCPU</Platform>
    <ProductVersion>9.0.21022</ProductVersion>
    <SchemaVersion>2.0</SchemaVersion>
    <ProjectGuid>{0237B9E3-CB2C-4206-80F7-3BA27FCB1939}</ProjectGuid>
    <Target>Executable</Target>
    <IncrementalLinking>true</IncrementalLinking>
    <UseDefaultCompiler>true</UseDefaultCompiler>
    <Compiler>DMD</Compiler>
  </PropertyGroup>
  <PropertyGroup Condition=" '$(Configuration)|$(Platform)' == 'Debug|AnyCPU' ">
    <DebugSymbols>true</DebugSymbols>
    <OutputPath>bin\Debug</OutputPath>
    <ObjectsDirectory>obj/Debug</ObjectsDirectory>
    <OutputName>tests</OutputName>
    <Externalconsole>true</Externalconsole>
  </PropertyGroup>
  <PropertyGroup Condition=" '$(Configuration)|$(Platform)' == 'Release|AnyCPU' ">
    <OutputPath>bin\Release</OutputPath>
    <ObjectsDirectory>obj/Release</ObjectsDirectory>
    <OutputName>tests</OutputName>
  </PropertyGroup>
  <PropertyGroup Condition=" '$(Configuration)|$(Platform)' == 'Unittest|AnyCPU' ">
    <DebugSymbols>true</DebugSymbols>
    <OutputPath>bin\Unittest</OutputPath>
    <ObjectsDirectory>obj/Unittest</ObjectsDirectory>
    <ExtraCompilerArguments>-unittest </ExtraCompilerArguments>
    <OutputName>tests</OutputName>
  </PropertyGroup>
  <ItemGroup>
    <Compile Include="runner.d">
      <LastGenOutput>/home/bernard/Projects/sdc/tests/obj/Debug/runner.o</LastGenOutput>
    </Compile>
  </ItemGroup>
  <ItemGroup>
    <Folder Include="tests\" />
  </ItemGroup>
  <ItemGroup>
    <None Include="test0.d">
      <Link>tests\test0.d</Link>
    </None>
    <None Include="test1.d">
      <Link>tests\test1.d</Link>
    </None>
    <None Include="test2.d">
      <Link>tests\test2.d</Link>
    </None>
    <None Include="test3.d">
      <Link>tests\test3.d</Link>
    </None>
    <None Include="test4.d">
      <Link>tests\test4.d</Link>
    </None>
    <None Include="test5.d">
      <Link>tests\test5.d</Link>
    </None>
    <None Include="test6.d">
      <Link>tests\test6.d</Link>
    </None>
    <None Include="test7.d">
      <Link>tests\test7.d</Link>
    </None>
    <None Include="test8.d">
      <Link>tests\test8.d</Link>
    </None>
    <None Include="test9.d">
      <Link>tests\test9.d</Link>
    </None>
    <None Include="test10.d">
      <Link>tests\test10.d</Link>
    </None>
    <None Include="test11.d">
      <Link>tests\test11.d</Link>
    </None>
    <None Include="test12.d">
      <Link>tests\test12.d</Link>
    </None>
    <None Include="test13.d">
      <Link>tests\test13.d</Link>
    </None>
    <None Include="test14.d">
      <Link>tests\test14.d</Link>
    </None>
    <None Include="test15.d">
      <Link>tests\test15.d</Link>
    </None>
    <None Include="test16.d">
      <Link>tests\test16.d</Link>
    </None>
    <None Include="test17.d">
      <Link>tests\test17.d</Link>
    </None>
    <None Include="test18.d">
      <Link>tests\test18.d</Link>
    </None>
    <None Include="test19.d">
      <Link>tests\test19.d</Link>
    </None>
    <None Include="test20.d">
      <Link>tests\test20.d</Link>
    </None>
    <None Include="test20_import.d">
      <Link>tests\test20_import.d</Link>
    </None>
    <None Include="test20_import2.d">
      <Link>tests\test20_import2.d</Link>
    </None>
    <None Include="test21.d">
      <Link>tests\test21.d</Link>
    </None>
    <None Include="test22.d">
      <Link>tests\test22.d</Link>
    </None>
    <None Include="test22_import.d">
      <Link>tests\test22_import.d</Link>
    </None>
    <None Include="test23.d">
      <Link>tests\test23.d</Link>
    </None>
    <None Include="test24.d">
      <Link>tests\test24.d</Link>
    </None>
    <None Include="test25.d">
      <Link>tests\test25.d</Link>
    </None>
    <None Include="test26.d">
      <Link>tests\test26.d</Link>
    </None>
    <None Include="test27.d">
      <Link>tests\test27.d</Link>
    </None>
    <None Include="test28.d">
      <Link>tests\test28.d</Link>
    </None>
    <None Include="test29.d">
      <Link>tests\test29.d</Link>
    </None>
    <None Include="test30.d">
      <Link>tests\test30.d</Link>
    </None>
    <None Include="test31.d">
      <Link>tests\test31.d</Link>
    </None>
    <None Include="test32.d">
      <Link>tests\test32.d</Link>
    </None>
    <None Include="test33.d">
      <Link>tests\test33.d</Link>
    </None>
    <None Include="test34.d">
      <Link>tests\test34.d</Link>
    </None>
    <None Include="test35.d">
      <Link>tests\test35.d</Link>
    </None>
    <None Include="test36.d">
      <Link>tests\test36.d</Link>
    </None>
    <None Include="test37.d">
      <Link>tests\test37.d</Link>
    </None>
    <None Include="test37_import.d">
      <Link>tests\test37_import.d</Link>
    </None>
    <None Include="test38.d">
      <Link>tests\test38.d</Link>
    </None>
    <None Include="test39.d">
      <Link>tests\test39.d</Link>
    </None>
    <None Include="test40.d">
      <Link>tests\test40.d</Link>
    </None>
    <None Include="test41.d">
      <Link>tests\test41.d</Link>
    </None>
    <None Include="test41_import.d">
      <Link>tests\test41_import.d</Link>
    </None>
    <None Include="test42.d">
      <Link>tests\test42.d</Link>
    </None>
    <None Include="test42_import.d">
      <Link>tests\test42_import.d</Link>
    </None>
    <None Include="test43.d">
      <Link>tests\test43.d</Link>
    </None>
    <None Include="test44.d">
      <Link>tests\test44.d</Link>
    </None>
    <None Include="test45.d">
      <Link>tests\test45.d</Link>
    </None>
    <None Include="test46.d">
      <Link>tests\test46.d</Link>
    </None>
    <None Include="test47.d">
      <Link>tests\test47.d</Link>
    </None>
    <None Include="test48.d">
      <Link>tests\test48.d</Link>
    </None>
    <None Include="test49.d">
      <Link>tests\test49.d</Link>
    </None>
    <None Include="test50.d">
      <Link>tests\test50.d</Link>
    </None>
    <None Include="test51.d">
      <Link>tests\test51.d</Link>
    </None>
    <None Include="test52.d">
      <Link>tests\test52.d</Link>
    </None>
    <None Include="test53.d">
      <Link>tests\test53.d</Link>
    </None>
    <None Include="test54.d">
      <Link>tests\test54.d</Link>
    </None>
    <None Include="test55.d">
      <Link>tests\test55.d</Link>
    </None>
    <None Include="test56.d">
      <Link>tests\test56.d</Link>
    </None>
    <None Include="test57.d">
      <Link>tests\test57.d</Link>
    </None>
    <None Include="test58.d">
      <Link>tests\test58.d</Link>
    </None>
    <None Include="test58_import1.d">
      <Link>tests\test58_import1.d</Link>
    </None>
    <None Include="test58_import2.d">
      <Link>tests\test58_import2.d</Link>
    </None>
    <None Include="test59.d">
      <Link>tests\test59.d</Link>
    </None>
    <None Include="test60.d">
      <Link>tests\test60.d</Link>
    </None>
    <None Include="test61.d">
      <Link>tests\test61.d</Link>
    </None>
    <None Include="test62.d">
      <Link>tests\test62.d</Link>
    </None>
    <None Include="test63.d">
      <Link>tests\test63.d</Link>
    </None>
    <None Include="test64.d">
      <Link>tests\test64.d</Link>
    </None>
    <None Include="test65.d">
      <Link>tests\test65.d</Link>
    </None>
    <None Include="test66.d">
      <Link>tests\test66.d</Link>
    </None>
    <None Include="test67.d">
      <Link>tests\test67.d</Link>
    </None>
    <None Include="test68.d">
      <Link>tests\test68.d</Link>
    </None>
    <None Include="test69.d">
      <Link>tests\test69.d</Link>
    </None>
    <None Include="test70.d">
      <Link>tests\test70.d</Link>
    </None>
    <None Include="test71.d">
      <Link>tests\test71.d</Link>
    </None>
    <None Include="test72.d">
      <Link>tests\test72.d</Link>
    </None>
    <None Include="test73.d">
      <Link>tests\test73.d</Link>
    </None>
    <None Include="test74.d">
      <Link>tests\test74.d</Link>
    </None>
    <None Include="test75.d">
      <Link>tests\test75.d</Link>
    </None>
    <None Include="test76.d">
      <Link>tests\test76.d</Link>
    </None>
    <None Include="test77.d">
      <Link>tests\test77.d</Link>
    </None>
    <None Include="test78.d">
      <Link>tests\test78.d</Link>
    </None>
  </ItemGroup>
</Project>